version = 1
revision = 3
requires-python = "==3.14.*"

[manifest]
overrides = [{ name = "urllib3", specifier = "==2.6.3" }]

[[package]]
name = "attrs"
version = "25.3.0"
source = { registry = "https://pypi.org/simple" }
sdist = { url = "https://files.pythonhosted.org/packages/5a/b0/1367933a8532ee6ff8d63537de4f1177af4bff9f3e829baf7331f595bb24/attrs-25.3.0.tar.gz", hash = "sha256:75d7cefc7fb576747b2c81b4442d4d4a1ce0900973527c011d1030fd3bf4af1b", size = 812032, upload-time = "2025-03-13T11:10:22.779Z" }
wheels = [
    { url = "https://files.pythonhosted.org/packages/77/06/bb80f5f86020c4551da315d78b3ab75e8228f89f0162f2c3a819e407941a/attrs-25.3.0-py3-none-any.whl", hash = "sha256:427318ce031701fea540783410126f03899a97ffc6f61596ad581ac2e40e3bc3", size = 63815, upload-time = "2025-03-13T11:10:21.14Z" },
]

[[package]]
name = "certifi"
version = "2025.6.15"
source = { registry = "https://pypi.org/simple" }
sdist = { url = "https://files.pythonhosted.org/packages/73/f7/f14b46d4bcd21092d7d3ccef689615220d8a08fb25e564b65d20738e672e/certifi-2025.6.15.tar.gz", hash = "sha256:d747aa5a8b9bbbb1bb8c22bb13e22bd1f18e9796defa16bab421f7f7a317323b", size = 158753, upload-time = "2025-06-15T02:45:51.329Z" }
wheels = [
    { url = "https://files.pythonhosted.org/packages/84/ae/320161bd181fc06471eed047ecce67b693fd7515b16d495d8932db763426/certifi-2025.6.15-py3-none-any.whl", hash = "sha256:2e0c7ce7cb5d8f8634ca55d2ba7e6ec2689a2fd6537d8dec1296a477a4910057", size = 157650, upload-time = "2025-06-15T02:45:49.977Z" },
]

[[package]]
name = "charset-normalizer"
version = "3.4.2"
source = { registry = "https://pypi.org/simple" }
sdist = { url = "https://files.pythonhosted.org/packages/e4/33/89c2ced2b67d1c2a61c19c6751aa8902d46ce3dacb23600a283619f5a12d/charset_normalizer-3.4.2.tar.gz", hash = "sha256:5baececa9ecba31eff645232d59845c07aa030f0c81ee70184a90d35099a0e63", size = 126367, upload-time = "2025-05-02T08:34:42.01Z" }
wheels = [
    { url = "https://files.pythonhosted.org/packages/20/94/c5790835a017658cbfabd07f3bfb549140c3ac458cfc196323996b10095a/charset_normalizer-3.4.2-py3-none-any.whl", hash = "sha256:7f56930ab0abd1c45cd15be65cc741c28b1c9a34876ce8c17a2fa107810c0af0", size = 52626, upload-time = "2025-05-02T08:34:40.053Z" },
]

[[package]]
name = "check-jsonschema"
version = "0.36.1"
source = { registry = "https://pypi.org/simple" }
dependencies = [
    { name = "click" },
    { name = "jsonschema" },
    { name = "regress" },
    { name = "requests" },
    { name = "ruamel-yaml" },
]
sdist = { url = "https://files.pythonhosted.org/packages/bc/08/12904b4e7bd5a3377e14d51ec6a1c8aa4d432b6e6e2b48eb1982cea34ebf/check_jsonschema-0.36.1.tar.gz", hash = "sha256:d0fa1b92573d0404ad81d9b02b4a93cdd0d5c1871f4bea7361e664afc52938e7", size = 345864, upload-time = "2026-01-26T16:14:29.004Z" }
wheels = [
    { url = "https://files.pythonhosted.org/packages/8f/33/e0fde1bf76618ae2321dc09ed4ec40bcd3fd76fb58921905d3f6b2a21ce8/check_jsonschema-0.36.1-py3-none-any.whl", hash = "sha256:5b546af49b8937c8541bc96c6f78fa1521cab51ec8c4dc44f8a100a98163e210", size = 332190, upload-time = "2026-01-26T16:14:27.491Z" },
]

[[package]]
name = "click"
version = "8.2.1"
source = { registry = "https://pypi.org/simple" }
dependencies = [
    { name = "colorama", marker = "sys_platform == 'win32'" },
]
sdist = { url = "https://files.pythonhosted.org/packages/60/6c/8ca2efa64cf75a977a0d7fac081354553ebe483345c734fb6b6515d96bbc/click-8.2.1.tar.gz", hash = "sha256:27c491cc05d968d271d5a1db13e3b5a184636d9d930f148c50b038f0d0646202", size = 286342, upload-time = "2025-05-20T23:19:49.832Z" }
wheels = [
    { url = "https://files.pythonhosted.org/packages/85/32/10bb5764d90a8eee674e9dc6f4db6a0ab47c8c4d0d83c27f7c39ac415a4d/click-8.2.1-py3-none-any.whl", hash = "sha256:61a3265b914e850b85317d0b3109c7f8cd35a670f963866005d6ef1d5175a12b", size = 102215, upload-time = "2025-05-20T23:19:47.796Z" },
]

[[package]]
name = "colorama"
version = "0.4.6"
source = { registry = "https://pypi.org/simple" }
sdist = { url = "https://files.pythonhosted.org/packages/d8/53/6f443c9a4a8358a93a6792e2acffb9d9d5cb0a5cfd8802644b7b1c9a02e4/colorama-0.4.6.tar.gz", hash = "sha256:08695f5cb7ed6e0531a20572697297273c47b8cae5a63ffc6d6ed5c201be6e44", size = 27697, upload-time = "2022-10-25T02:36:22.414Z" }
wheels = [
    { url = "https://files.pythonhosted.org/packages/d1/d6/3965ed04c63042e047cb6a3e6ed1a63a35087b6a609aa3a15ed8ac56c221/colorama-0.4.6-py2.py3-none-any.whl", hash = "sha256:4f1d9991f5acc0ca119f9d443620b77f9d6b33703e51011c16baf57afb285fc6", size = 25335, upload-time = "2022-10-25T02:36:20.889Z" },
]

[[package]]
name = "greenlet"
version = "3.2.4"
source = { registry = "https://pypi.org/simple" }
sdist = { url = "https://files.pythonhosted.org/packages/03/b8/704d753a5a45507a7aab61f18db9509302ed3d0a27ac7e0359ec2905b1a6/greenlet-3.2.4.tar.gz", hash = "sha256:0dca0d95ff849f9a364385f36ab49f50065d76964944638be9691e1832e9f86d", size = 188260, upload-time = "2025-08-07T13:24:33.51Z" }
wheels = [
    { url = "https://files.pythonhosted.org/packages/22/5c/85273fd7cc388285632b0498dbbab97596e04b154933dfe0f3e68156c68c/greenlet-3.2.4-cp314-cp314-macosx_11_0_universal2.whl", hash = "sha256:49a30d5fda2507ae77be16479bdb62a660fa51b1eb4928b524975b3bde77b3c0", size = 273586, upload-time = "2025-08-07T13:16:08.004Z" },
    { url = "https://files.pythonhosted.org/packages/d1/75/10aeeaa3da9332c2e761e4c50d4c3556c21113ee3f0afa2cf5769946f7a3/greenlet-3.2.4-cp314-cp314-manylinux2014_aarch64.manylinux_2_17_aarch64.whl", hash = "sha256:299fd615cd8fc86267b47597123e3f43ad79c9d8a22bebdce535e53550763e2f", size = 686346, upload-time = "2025-08-07T13:42:59.944Z" },
    { url = "https://files.pythonhosted.org/packages/c0/aa/687d6b12ffb505a4447567d1f3abea23bd20e73a5bed63871178e0831b7a/greenlet-3.2.4-cp314-cp314-manylinux2014_ppc64le.manylinux_2_17_ppc64le.whl", hash = "sha256:c17b6b34111ea72fc5a4e4beec9711d2226285f0386ea83477cbb97c30a3f3a5", size = 699218, upload-time = "2025-08-07T13:45:30.969Z" },
    { url = "https://files.pythonhosted.org/packages/dc/8b/29aae55436521f1d6f8ff4e12fb676f3400de7fcf27fccd1d4d17fd8fecd/greenlet-3.2.4-cp314-cp314-manylinux2014_s390x.manylinux_2_17_s390x.whl", hash = "sha256:b4a1870c51720687af7fa3e7cda6d08d801dae660f75a76f3845b642b4da6ee1", size = 694659, upload-time = "2025-08-07T13:53:17.759Z" },
    { url = "https://files.pythonhosted.org/packages/92/2e/ea25914b1ebfde93b6fc4ff46d6864564fba59024e928bdc7de475affc25/greenlet-3.2.4-cp314-cp314-manylinux2014_x86_64.manylinux_2_17_x86_64.whl", hash = "sha256:061dc4cf2c34852b052a8620d40f36324554bc192be474b9e9770e8c042fd735", size = 695355, upload-time = "2025-08-07T13:18:34.517Z" },
    { url = "https://files.pythonhosted.org/packages/72/60/fc56c62046ec17f6b0d3060564562c64c862948c9d4bc8aa807cf5bd74f4/greenlet-3.2.4-cp314-cp314-manylinux_2_24_x86_64.manylinux_2_28_x86_64.whl", hash = "sha256:44358b9bf66c8576a9f57a590d5f5d6e72fa4228b763d0e43fee6d3b06d3a337", size = 657512, upload-time = "2025-08-07T13:18:33.969Z" },
    { url = "https://files.pythonhosted.org/packages/23/6e/74407aed965a4ab6ddd93a7ded3180b730d281c77b765788419484cdfeef/greenlet-3.2.4-cp314-cp314-musllinux_1_2_aarch64.whl", hash = "sha256:2917bdf657f5859fbf3386b12d68ede4cf1f04c90c3a6bc1f013dd68a22e2269", size = 1612508, upload-time = "2025-11-04T12:42:23.427Z" },
    { url = "https://files.pythonhosted.org/packages/0d/da/343cd760ab2f92bac1845ca07ee3faea9fe52bee65f7bcb19f16ad7de08b/greenlet-3.2.4-cp314-cp314-musllinux_1_2_x86_64.whl", hash = "sha256:015d48959d4add5d6c9f6c5210ee3803a830dce46356e3bc326d6776bde54681", size = 1680760, upload-time = "2025-11-04T12:42:25.341Z" },
    { url = "https://files.pythonhosted.org/packages/e3/a5/6ddab2b4c112be95601c13428db1d8b6608a8b6039816f2ba09c346c08fc/greenlet-3.2.4-cp314-cp314-win_amd64.whl", hash = "sha256:e37ab26028f12dbb0ff65f29a8d3d44a765c61e729647bf2ddfbbed621726f01", size = 303425, upload-time = "2025-08-07T13:32:27.59Z" },
]

[[package]]
name = "idna"
version = "3.10"
source = { registry = "https://pypi.org/simple" }
sdist = { url = "https://files.pythonhosted.org/packages/f1/70/7703c29685631f5a7590aa73f1f1d3fa9a380e654b86af429e0934a32f7d/idna-3.10.tar.gz", hash = "sha256:12f65c9b470abda6dc35cf8e63cc574b1c52b11df2c86030af0ac09b01b13ea9", size = 190490, upload-time = "2024-09-15T18:07:39.745Z" }
wheels = [
    { url = "https://files.pythonhosted.org/packages/76/c6/c88e154df9c4e1a2a66ccf0005a88dfb2650c1dffb6f5ce603dfbd452ce3/idna-3.10-py3-none-any.whl", hash = "sha256:946d195a0d259cbba61165e88e65941f16e9b36ea6ddb97f00452bae8b1287d3", size = 70442, upload-time = "2024-09-15T18:07:37.964Z" },
]

[[package]]
name = "iniconfig"
version = "2.1.0"
source = { registry = "https://pypi.org/simple" }
sdist = { url = "https://files.pythonhosted.org/packages/f2/97/ebf4da567aa6827c909642694d71c9fcf53e5b504f2d96afea02718862f3/iniconfig-2.1.0.tar.gz", hash = "sha256:3abbd2e30b36733fee78f9c7f7308f2d0050e88f0087fd25c2645f63c773e1c7", size = 4793, upload-time = "2025-03-19T20:09:59.721Z" }
wheels = [
    { url = "https://files.pythonhosted.org/packages/2c/e1/e6716421ea10d38022b952c159d5161ca1193197fb744506875fbb87ea7b/iniconfig-2.1.0-py3-none-any.whl", hash = "sha256:9deba5723312380e77435581c6bf4935c94cbfab9b1ed33ef8d238ea168eb760", size = 6050, upload-time = "2025-03-19T20:10:01.071Z" },
]

[[package]]
name = "jsonschema"
version = "4.25.0"
source = { registry = "https://pypi.org/simple" }
dependencies = [
    { name = "attrs" },
    { name = "jsonschema-specifications" },
    { name = "referencing" },
    { name = "rpds-py" },
]
sdist = { url = "https://files.pythonhosted.org/packages/d5/00/a297a868e9d0784450faa7365c2172a7d6110c763e30ba861867c32ae6a9/jsonschema-4.25.0.tar.gz", hash = "sha256:e63acf5c11762c0e6672ffb61482bdf57f0876684d8d249c0fe2d730d48bc55f", size = 356830, upload-time = "2025-07-18T15:39:45.11Z" }
wheels = [
    { url = "https://files.pythonhosted.org/packages/fe/54/c86cd8e011fe98803d7e382fd67c0df5ceab8d2b7ad8c5a81524f791551c/jsonschema-4.25.0-py3-none-any.whl", hash = "sha256:24c2e8da302de79c8b9382fee3e76b355e44d2a4364bb207159ce10b517bd716", size = 89184, upload-time = "2025-07-18T15:39:42.956Z" },
]

[[package]]
name = "jsonschema-specifications"
version = "2025.4.1"
source = { registry = "https://pypi.org/simple" }
dependencies = [
    { name = "referencing" },
]
sdist = { url = "https://files.pythonhosted.org/packages/bf/ce/46fbd9c8119cfc3581ee5643ea49464d168028cfb5caff5fc0596d0cf914/jsonschema_specifications-2025.4.1.tar.gz", hash = "sha256:630159c9f4dbea161a6a2205c3011cc4f18ff381b189fff48bb39b9bf26ae608", size = 15513, upload-time = "2025-04-23T12:34:07.418Z" }
wheels = [
    { url = "https://files.pythonhosted.org/packages/01/0e/b27cdbaccf30b890c40ed1da9fd4a3593a5cf94dae54fb34f8a4b74fcd3f/jsonschema_specifications-2025.4.1-py3-none-any.whl", hash = "sha256:4653bffbd6584f7de83a67e0d620ef16900b390ddc7939d56684d6c81e33f1af", size = 18437, upload-time = "2025-04-23T12:34:05.422Z" },
]

[[package]]
name = "packaging"
version = "25.0"
source = { registry = "https://pypi.org/simple" }
sdist = { url = "https://files.pythonhosted.org/packages/a1/d4/1fc4078c65507b51b96ca8f8c3ba19e6a61c8253c72794544580a7b6c24d/packaging-25.0.tar.gz", hash = "sha256:d443872c98d677bf60f6a1f2f8c1cb748e8fe762d2bf9d3148b5599295b0fc4f", size = 165727, upload-time = "2025-04-19T11:48:59.673Z" }
wheels = [
    { url = "https://files.pythonhosted.org/packages/20/12/38679034af332785aac8774540895e234f4d07f7545804097de4b666afd8/packaging-25.0-py3-none-any.whl", hash = "sha256:29572ef2b1f17581046b3a2227d5c611fb25ec70ca1ba8554b24b0e69331a484", size = 66469, upload-time = "2025-04-19T11:48:57.875Z" },
]

[[package]]
name = "playwright"
version = "1.58.0"
source = { registry = "https://pypi.org/simple" }
dependencies = [
    { name = "greenlet" },
    { name = "pyee" },
]
wheels = [
    { url = "https://files.pythonhosted.org/packages/f8/c9/9c6061d5703267f1baae6a4647bfd1862e386fbfdb97d889f6f6ae9e3f64/playwright-1.58.0-py3-none-macosx_10_13_x86_64.whl", hash = "sha256:96e3204aac292ee639edbfdef6298b4be2ea0a55a16b7068df91adac077cc606", size = 42251098, upload-time = "2026-01-30T15:09:24.028Z" },
    { url = "https://files.pythonhosted.org/packages/e0/40/59d34a756e02f8c670f0fee987d46f7ee53d05447d43cd114ca015cb168c/playwright-1.58.0-py3-none-macosx_11_0_arm64.whl", hash = "sha256:70c763694739d28df71ed578b9c8202bb83e8fe8fb9268c04dd13afe36301f71", size = 41039625, upload-time = "2026-01-30T15:09:27.558Z" },
    { url = "https://files.pythonhosted.org/packages/e1/ee/3ce6209c9c74a650aac9028c621f357a34ea5cd4d950700f8e2c4b7fe2c4/playwright-1.58.0-py3-none-macosx_11_0_universal2.whl", hash = "sha256:185e0132578733d02802dfddfbbc35f42be23a45ff49ccae5081f25952238117", size = 42251098, upload-time = "2026-01-30T15:09:30.461Z" },
    { url = "https://files.pythonhosted.org/packages/f1/af/009958cbf23fac551a940d34e3206e6c7eed2b8c940d0c3afd1feb0b0589/playwright-1.58.0-py3-none-manylinux1_x86_64.whl", hash = "sha256:c95568ba1eda83812598c1dc9be60b4406dffd60b149bc1536180ad108723d6b", size = 46235268, upload-time = "2026-01-30T15:09:33.787Z" },
    { url = "https://files.pythonhosted.org/packages/d9/a6/0e66ad04b6d3440dae73efb39540c5685c5fc95b17c8b29340b62abbd952/playwright-1.58.0-py3-none-manylinux_2_17_aarch64.manylinux2014_aarch64.whl", hash = "sha256:8f9999948f1ab541d98812de25e3a8c410776aa516d948807140aff797b4bffa", size = 45964214, upload-time = "2026-01-30T15:09:36.751Z" },
    { url = "https://files.pythonhosted.org/packages/0e/4b/236e60ab9f6d62ed0fd32150d61f1f494cefbf02304c0061e78ed80c1c32/playwright-1.58.0-py3-none-win32.whl", hash = "sha256:1e03be090e75a0fabbdaeab65ce17c308c425d879fa48bb1d7986f96bfad0b99", size = 36815998, upload-time = "2026-01-30T15:09:39.627Z" },
    { url = "https://files.pythonhosted.org/packages/41/f8/5ec599c5e59d2f2f336a05b4f318e733077cd5044f24adb6f86900c3e6a7/playwright-1.58.0-py3-none-win_amd64.whl", hash = "sha256:a2bf639d0ce33b3ba38de777e08697b0d8f3dc07ab6802e4ac53fb65e3907af8", size = 36816005, upload-time = "2026-01-30T15:09:42.449Z" },
    { url = "https://files.pythonhosted.org/packages/c8/c4/cc0229fea55c87d6c9c67fe44a21e2cd28d1d558a5478ed4d617e9fb0c93/playwright-1.58.0-py3-none-win_arm64.whl", hash = "sha256:32ffe5c303901a13a0ecab91d1c3f74baf73b84f4bedbb6b935f5bc11cc98e1b", size = 33085919, upload-time = "2026-01-30T15:09:45.71Z" },
]

[[package]]
name = "pluggy"
version = "1.6.0"
source = { registry = "https://pypi.org/simple" }
sdist = { url = "https://files.pythonhosted.org/packages/f9/e2/3e91f31a7d2b083fe6ef3fa267035b518369d9511ffab804f839851d2779/pluggy-1.6.0.tar.gz", hash = "sha256:7dcc130b76258d33b90f61b658791dede3486c3e6bfb003ee5c9bfb396dd22f3", size = 69412, upload-time = "2025-05-15T12:30:07.975Z" }
wheels = [
    { url = "https://files.pythonhosted.org/packages/54/20/4d324d65cc6d9205fabedc306948156824eb9f0ee1633355a8f7ec5c66bf/pluggy-1.6.0-py3-none-any.whl", hash = "sha256:e920276dd6813095e9377c0bc5566d94c932c33b27a3e3945d8389c374dd4746", size = 20538, upload-time = "2025-05-15T12:30:06.134Z" },
]

[[package]]
name = "pyee"
version = "13.0.0"
source = { registry = "https://pypi.org/simple" }
dependencies = [
    { name = "typing-extensions" },
]
sdist = { url = "https://files.pythonhosted.org/packages/95/03/1fd98d5841cd7964a27d729ccf2199602fe05eb7a405c1462eb7277945ed/pyee-13.0.0.tar.gz", hash = "sha256:b391e3c5a434d1f5118a25615001dbc8f669cf410ab67d04c4d4e07c55481c37", size = 31250, upload-time = "2025-03-17T18:53:15.955Z" }
wheels = [
    { url = "https://files.pythonhosted.org/packages/9b/4d/b9add7c84060d4c1906abe9a7e5359f2a60f7a9a4f67268b2766673427d8/pyee-13.0.0-py3-none-any.whl", hash = "sha256:48195a3cddb3b1515ce0695ed76036b5ccc2ef3a9f963ff9f77aec0139845498", size = 15730, upload-time = "2025-03-17T18:53:14.532Z" },
]

[[package]]
name = "pygments"
version = "2.19.1"
source = { registry = "https://pypi.org/simple" }
sdist = { url = "https://files.pythonhosted.org/packages/7c/2d/c3338d48ea6cc0feb8446d8e6937e1408088a72a39937982cc6111d17f84/pygments-2.19.1.tar.gz", hash = "sha256:61c16d2a8576dc0649d9f39e089b5f02bcd27fba10d8fb4dcc28173f7a45151f", size = 4968581, upload-time = "2025-01-06T17:26:30.443Z" }
wheels = [
    { url = "https://files.pythonhosted.org/packages/8a/0b/9fcc47d19c48b59121088dd6da2488a49d5f72dacf8262e2790a1d2c7d15/pygments-2.19.1-py3-none-any.whl", hash = "sha256:9ea1544ad55cecf4b8242fab6dd35a93bbce657034b0611ee383099054ab6d8c", size = 1225293, upload-time = "2025-01-06T17:26:25.553Z" },
]

[[package]]
name = "pytest"
version = "9.0.2"
source = { registry = "https://pypi.org/simple" }
dependencies = [
    { name = "colorama", marker = "sys_platform == 'win32'" },
    { name = "iniconfig" },
    { name = "packaging" },
    { name = "pluggy" },
    { name = "pygments" },
]
sdist = { url = "https://files.pythonhosted.org/packages/d1/db/7ef3487e0fb0049ddb5ce41d3a49c235bf9ad299b6a25d5780a89f19230f/pytest-9.0.2.tar.gz", hash = "sha256:75186651a92bd89611d1d9fc20f0b4345fd827c41ccd5c299a868a05d70edf11", size = 1568901, upload-time = "2025-12-06T21:30:51.014Z" }
wheels = [
    { url = "https://files.pythonhosted.org/packages/3b/ab/b3226f0bd7cdcf710fbede2b3548584366da3b19b5021e74f5bde2a8fa3f/pytest-9.0.2-py3-none-any.whl", hash = "sha256:711ffd45bf766d5264d487b917733b453d917afd2b0ad65223959f59089f875b", size = 374801, upload-time = "2025-12-06T21:30:49.154Z" },
]

[[package]]
name = "pytest-base-url"
version = "2.1.0"
source = { registry = "https://pypi.org/simple" }
dependencies = [
    { name = "pytest" },
    { name = "requests" },
]
sdist = { url = "https://files.pythonhosted.org/packages/ae/1a/b64ac368de6b993135cb70ca4e5d958a5c268094a3a2a4cac6f0021b6c4f/pytest_base_url-2.1.0.tar.gz", hash = "sha256:02748589a54f9e63fcbe62301d6b0496da0d10231b753e950c63e03aee745d45", size = 6702, upload-time = "2024-01-31T22:43:00.81Z" }
wheels = [
    { url = "https://files.pythonhosted.org/packages/98/1c/b00940ab9eb8ede7897443b771987f2f4a76f06be02f1b3f01eb7567e24a/pytest_base_url-2.1.0-py3-none-any.whl", hash = "sha256:3ad15611778764d451927b2a53240c1a7a591b521ea44cebfe45849d2d2812e6", size = 5302, upload-time = "2024-01-31T22:42:58.897Z" },
]

[[package]]
name = "pytest-playwright"
version = "0.7.2"
source = { registry = "https://pypi.org/simple" }
dependencies = [
    { name = "playwright" },
    { name = "pytest" },
    { name = "pytest-base-url" },
    { name = "python-slugify" },
]
sdist = { url = "https://files.pythonhosted.org/packages/e8/6b/913e36aa421b35689ec95ed953ff7e8df3f2ee1c7b8ab2a3f1fd39d95faf/pytest_playwright-0.7.2.tar.gz", hash = "sha256:247b61123b28c7e8febb993a187a07e54f14a9aa04edc166f7a976d88f04c770", size = 16928, upload-time = "2025-11-24T03:43:22.53Z" }
wheels = [
    { url = "https://files.pythonhosted.org/packages/76/61/4d333d8354ea2bea2c2f01bad0a4aa3c1262de20e1241f78e73360e9b620/pytest_playwright-0.7.2-py3-none-any.whl", hash = "sha256:8084e015b2b3ecff483c2160f1c8219b38b66c0d4578b23c0f700d1b0240ea38", size = 16881, upload-time = "2025-11-24T03:43:24.423Z" },
]

[[package]]
name = "pytest-rerunfailures"
version = "16.1"
source = { registry = "https://pypi.org/simple" }
dependencies = [
    { name = "packaging" },
    { name = "pytest" },
]
sdist = { url = "https://files.pythonhosted.org/packages/de/04/71e9520551fc8fe2cf5c1a1842e4e600265b0815f2016b7c27ec85688682/pytest_rerunfailures-16.1.tar.gz", hash = "sha256:c38b266db8a808953ebd71ac25c381cb1981a78ff9340a14bcb9f1b9bff1899e", size = 30889, upload-time = "2025-10-10T07:06:01.238Z" }
wheels = [
    { url = "https://files.pythonhosted.org/packages/77/54/60eabb34445e3db3d3d874dc1dfa72751bfec3265bd611cb13c8b290adea/pytest_rerunfailures-16.1-py3-none-any.whl", hash = "sha256:5d11b12c0ca9a1665b5054052fcc1084f8deadd9328962745ef6b04e26382e86", size = 14093, upload-time = "2025-10-10T07:06:00.019Z" },
]

[[package]]
name = "python-slugify"
version = "8.0.4"
source = { registry = "https://pypi.org/simple" }
dependencies = [
    { name = "text-unidecode" },
]
sdist = { url = "https://files.pythonhosted.org/packages/87/c7/5e1547c44e31da50a460df93af11a535ace568ef89d7a811069ead340c4a/python-slugify-8.0.4.tar.gz", hash = "sha256:59202371d1d05b54a9e7720c5e038f928f45daaffe41dd10822f3907b937c856", size = 10921, upload-time = "2024-02-08T18:32:45.488Z" }
wheels = [
    { url = "https://files.pythonhosted.org/packages/a4/62/02da182e544a51a5c3ccf4b03ab79df279f9c60c5e82d5e8bec7ca26ac11/python_slugify-8.0.4-py2.py3-none-any.whl", hash = "sha256:276540b79961052b66b7d116620b36518847f52d5fd9e3a70164fc8c50faa6b8", size = 10051, upload-time = "2024-02-08T18:32:43.911Z" },
]

[[package]]
name = "referencing"
version = "0.36.2"
source = { registry = "https://pypi.org/simple" }
dependencies = [
    { name = "attrs" },
    { name = "rpds-py" },
]
sdist = { url = "https://files.pythonhosted.org/packages/2f/db/98b5c277be99dd18bfd91dd04e1b759cad18d1a338188c936e92f921c7e2/referencing-0.36.2.tar.gz", hash = "sha256:df2e89862cd09deabbdba16944cc3f10feb6b3e6f18e902f7cc25609a34775aa", size = 74744, upload-time = "2025-01-25T08:48:16.138Z" }
wheels = [
    { url = "https://files.pythonhosted.org/packages/c1/b1/3baf80dc6d2b7bc27a95a67752d0208e410351e3feb4eb78de5f77454d8d/referencing-0.36.2-py3-none-any.whl", hash = "sha256:e8699adbbf8b5c7de96d8ffa0eb5c158b3beafce084968e2ea8bb08c6794dcd0", size = 26775, upload-time = "2025-01-25T08:48:14.241Z" },
]

[[package]]
name = "regress"
version = "2025.5.1"
source = { registry = "https://pypi.org/simple" }
sdist = { url = "https://files.pythonhosted.org/packages/65/8f/87f88d2fb104c21d83355a218cec6b1176f9d02d824cb32287fa2d701c7c/regress-2025.5.1.tar.gz", hash = "sha256:bb372b76ea6a50935128f065eca4fe6649ec446f0ecf9d73ac0cd19b68acadc7", size = 10935, upload-time = "2025-05-28T19:27:57.065Z" }

[[package]]
name = "requests"
version = "2.32.4"
source = { registry = "https://pypi.org/simple" }
dependencies = [
    { name = "certifi" },
    { name = "charset-normalizer" },
    { name = "idna" },
    { name = "urllib3" },
]
sdist = { url = "https://files.pythonhosted.org/packages/e1/0a/929373653770d8a0d7ea76c37de6e41f11eb07559b103b1c02cafb3f7cf8/requests-2.32.4.tar.gz", hash = "sha256:27d0316682c8a29834d3264820024b62a36942083d52caf2f14c0591336d3422", size = 135258, upload-time = "2025-06-09T16:43:07.34Z" }
wheels = [
    { url = "https://files.pythonhosted.org/packages/7c/e4/56027c4a6b4ae70ca9de302488c5ca95ad4a39e190093d6c1a8ace08341b/requests-2.32.4-py3-none-any.whl", hash = "sha256:27babd3cda2a6d50b30443204ee89830707d396671944c998b5975b031ac2b2c", size = 64847, upload-time = "2025-06-09T16:43:05.728Z" },
]

[[package]]
name = "rpds-py"
version = "0.26.0"
source = { registry = "https://pypi.org/simple" }
sdist = { url = "https://files.pythonhosted.org/packages/a5/aa/4456d84bbb54adc6a916fb10c9b374f78ac840337644e4a5eda229c81275/rpds_py-0.26.0.tar.gz", hash = "sha256:20dae58a859b0906f0685642e591056f1e787f3a8b39c8e8749a45dc7d26bdb0", size = 27385, upload-time = "2025-07-01T15:57:13.958Z" }
wheels = [
    { url = "https://files.pythonhosted.org/packages/55/07/029b7c45db910c74e182de626dfdae0ad489a949d84a468465cd0ca36355/rpds_py-0.26.0-cp314-cp314-macosx_10_12_x86_64.whl", hash = "sha256:da619979df60a940cd434084355c514c25cf8eb4cf9a508510682f6c851a4f7a", size = 364292, upload-time = "2025-07-01T15:55:17.001Z" },
    { url = "https://files.pythonhosted.org/packages/13/d1/9b3d3f986216b4d1f584878dca15ce4797aaf5d372d738974ba737bf68d6/rpds_py-0.26.0-cp314-cp314-macosx_11_0_arm64.whl", hash = "sha256:ea89a2458a1a75f87caabefe789c87539ea4e43b40f18cff526052e35bbb4fdf", size = 350334, upload-time = "2025-07-01T15:55:18.922Z" },
    { url = "https://files.pythonhosted.org/packages/18/98/16d5e7bc9ec715fa9668731d0cf97f6b032724e61696e2db3d47aeb89214/rpds_py-0.26.0-cp314-cp314-manylinux_2_17_aarch64.manylinux2014_aarch64.whl", hash = "sha256:feac1045b3327a45944e7dcbeb57530339f6b17baff154df51ef8b0da34c8c12", size = 384875, upload-time = "2025-07-01T15:55:20.399Z" },
    { url = "https://files.pythonhosted.org/packages/f9/13/aa5e2b1ec5ab0e86a5c464d53514c0467bec6ba2507027d35fc81818358e/rpds_py-0.26.0-cp314-cp314-manylinux_2_17_armv7l.manylinux2014_armv7l.whl", hash = "sha256:b818a592bd69bfe437ee8368603d4a2d928c34cffcdf77c2e761a759ffd17d20", size = 399993, upload-time = "2025-07-01T15:55:21.729Z" },
    { url = "https://files.pythonhosted.org/packages/17/03/8021810b0e97923abdbab6474c8b77c69bcb4b2c58330777df9ff69dc559/rpds_py-0.26.0-cp314-cp314-manylinux_2_17_ppc64le.manylinux2014_ppc64le.whl", hash = "sha256:1a8b0dd8648709b62d9372fc00a57466f5fdeefed666afe3fea5a6c9539a0331", size = 516683, upload-time = "2025-07-01T15:55:22.918Z" },
    { url = "https://files.pythonhosted.org/packages/dc/b1/da8e61c87c2f3d836954239fdbbfb477bb7b54d74974d8f6fcb34342d166/rpds_py-0.26.0-cp314-cp314-manylinux_2_17_s390x.manylinux2014_s390x.whl", hash = "sha256:6d3498ad0df07d81112aa6ec6c95a7e7b1ae00929fb73e7ebee0f3faaeabad2f", size = 408825, upload-time = "2025-07-01T15:55:24.207Z" },
    { url = "https://files.pythonhosted.org/packages/38/bc/1fc173edaaa0e52c94b02a655db20697cb5fa954ad5a8e15a2c784c5cbdd/rpds_py-0.26.0-cp314-cp314-manylinux_2_17_x86_64.manylinux2014_x86_64.whl", hash = "sha256:24a4146ccb15be237fdef10f331c568e1b0e505f8c8c9ed5d67759dac58ac246", size = 387292, upload-time = "2025-07-01T15:55:25.554Z" },
    { url = "https://files.pythonhosted.org/packages/7c/eb/3a9bb4bd90867d21916f253caf4f0d0be7098671b6715ad1cead9fe7bab9/rpds_py-0.26.0-cp314-cp314-manylinux_2_5_i686.manylinux1_i686.whl", hash = "sha256:a9a63785467b2d73635957d32a4f6e73d5e4df497a16a6392fa066b753e87387", size = 420435, upload-time = "2025-07-01T15:55:27.798Z" },
    { url = "https://files.pythonhosted.org/packages/cd/16/e066dcdb56f5632713445271a3f8d3d0b426d51ae9c0cca387799df58b02/rpds_py-0.26.0-cp314-cp314-musllinux_1_2_aarch64.whl", hash = "sha256:de4ed93a8c91debfd5a047be327b7cc8b0cc6afe32a716bbbc4aedca9e2a83af", size = 562410, upload-time = "2025-07-01T15:55:29.057Z" },
    { url = "https://files.pythonhosted.org/packages/60/22/ddbdec7eb82a0dc2e455be44c97c71c232983e21349836ce9f272e8a3c29/rpds_py-0.26.0-cp314-cp314-musllinux_1_2_i686.whl", hash = "sha256:caf51943715b12af827696ec395bfa68f090a4c1a1d2509eb4e2cb69abbbdb33", size = 590724, upload-time = "2025-07-01T15:55:30.719Z" },
    { url = "https://files.pythonhosted.org/packages/2c/b4/95744085e65b7187d83f2fcb0bef70716a1ea0a9e5d8f7f39a86e5d83424/rpds_py-0.26.0-cp314-cp314-musllinux_1_2_x86_64.whl", hash = "sha256:4a59e5bc386de021f56337f757301b337d7ab58baa40174fb150accd480bc953", size = 558285, upload-time = "2025-07-01T15:55:31.981Z" },
    { url = "https://files.pythonhosted.org/packages/37/37/6309a75e464d1da2559446f9c811aa4d16343cebe3dbb73701e63f760caa/rpds_py-0.26.0-cp314-cp314-win32.whl", hash = "sha256:92c8db839367ef16a662478f0a2fe13e15f2227da3c1430a782ad0f6ee009ec9", size = 223459, upload-time = "2025-07-01T15:55:33.312Z" },
    { url = "https://files.pythonhosted.org/packages/d9/6f/8e9c11214c46098b1d1391b7e02b70bb689ab963db3b19540cba17315291/rpds_py-0.26.0-cp314-cp314-win_amd64.whl", hash = "sha256:b0afb8cdd034150d4d9f53926226ed27ad15b7f465e93d7468caaf5eafae0d37", size = 236083, upload-time = "2025-07-01T15:55:34.933Z" },
    { url = "https://files.pythonhosted.org/packages/47/af/9c4638994dd623d51c39892edd9d08e8be8220a4b7e874fa02c2d6e91955/rpds_py-0.26.0-cp314-cp314-win_arm64.whl", hash = "sha256:ca3f059f4ba485d90c8dc75cb5ca897e15325e4e609812ce57f896607c1c0867", size = 223291, upload-time = "2025-07-01T15:55:36.202Z" },
    { url = "https://files.pythonhosted.org/packages/4d/db/669a241144460474aab03e254326b32c42def83eb23458a10d163cb9b5ce/rpds_py-0.26.0-cp314-cp314t-macosx_10_12_x86_64.whl", hash = "sha256:5afea17ab3a126006dc2f293b14ffc7ef3c85336cf451564a0515ed7648033da", size = 361445, upload-time = "2025-07-01T15:55:37.483Z" },
    { url = "https://files.pythonhosted.org/packages/3b/2d/133f61cc5807c6c2fd086a46df0eb8f63a23f5df8306ff9f6d0fd168fecc/rpds_py-0.26.0-cp314-cp314t-macosx_11_0_arm64.whl", hash = "sha256:69f0c0a3df7fd3a7eec50a00396104bb9a843ea6d45fcc31c2d5243446ffd7a7", size = 347206, upload-time = "2025-07-01T15:55:38.828Z" },
    { url = "https://files.pythonhosted.org/packages/05/bf/0e8fb4c05f70273469eecf82f6ccf37248558526a45321644826555db31b/rpds_py-0.26.0-cp314-cp314t-manylinux_2_17_aarch64.manylinux2014_aarch64.whl", hash = "sha256:801a71f70f9813e82d2513c9a96532551fce1e278ec0c64610992c49c04c2dad", size = 380330, upload-time = "2025-07-01T15:55:40.175Z" },
    { url = "https://files.pythonhosted.org/packages/d4/a8/060d24185d8b24d3923322f8d0ede16df4ade226a74e747b8c7c978e3dd3/rpds_py-0.26.0-cp314-cp314t-manylinux_2_17_armv7l.manylinux2014_armv7l.whl", hash = "sha256:df52098cde6d5e02fa75c1f6244f07971773adb4a26625edd5c18fee906fa84d", size = 392254, upload-time = "2025-07-01T15:55:42.015Z" },
    { url = "https://files.pythonhosted.org/packages/b9/7b/7c2e8a9ee3e6bc0bae26bf29f5219955ca2fbb761dca996a83f5d2f773fe/rpds_py-0.26.0-cp314-cp314t-manylinux_2_17_ppc64le.manylinux2014_ppc64le.whl", hash = "sha256:9bc596b30f86dc6f0929499c9e574601679d0341a0108c25b9b358a042f51bca", size = 516094, upload-time = "2025-07-01T15:55:43.603Z" },
    { url = "https://files.pythonhosted.org/packages/75/d6/f61cafbed8ba1499b9af9f1777a2a199cd888f74a96133d8833ce5eaa9c5/rpds_py-0.26.0-cp314-cp314t-manylinux_2_17_s390x.manylinux2014_s390x.whl", hash = "sha256:9dfbe56b299cf5875b68eb6f0ebaadc9cac520a1989cac0db0765abfb3709c19", size = 402889, upload-time = "2025-07-01T15:55:45.275Z" },
    { url = "https://files.pythonhosted.org/packages/92/19/c8ac0a8a8df2dd30cdec27f69298a5c13e9029500d6d76718130f5e5be10/rpds_py-0.26.0-cp314-cp314t-manylinux_2_17_x86_64.manylinux2014_x86_64.whl", hash = "sha256:ac64f4b2bdb4ea622175c9ab7cf09444e412e22c0e02e906978b3b488af5fde8", size = 384301, upload-time = "2025-07-01T15:55:47.098Z" },
    { url = "https://files.pythonhosted.org/packages/41/e1/6b1859898bc292a9ce5776016c7312b672da00e25cec74d7beced1027286/rpds_py-0.26.0-cp314-cp314t-manylinux_2_5_i686.manylinux1_i686.whl", hash = "sha256:181ef9b6bbf9845a264f9aa45c31836e9f3c1f13be565d0d010e964c661d1e2b", size = 412891, upload-time = "2025-07-01T15:55:48.412Z" },
    { url = "https://files.pythonhosted.org/packages/ef/b9/ceb39af29913c07966a61367b3c08b4f71fad841e32c6b59a129d5974698/rpds_py-0.26.0-cp314-cp314t-musllinux_1_2_aarch64.whl", hash = "sha256:49028aa684c144ea502a8e847d23aed5e4c2ef7cadfa7d5eaafcb40864844b7a", size = 557044, upload-time = "2025-07-01T15:55:49.816Z" },
    { url = "https://files.pythonhosted.org/packages/2f/27/35637b98380731a521f8ec4f3fd94e477964f04f6b2f8f7af8a2d889a4af/rpds_py-0.26.0-cp314-cp314t-musllinux_1_2_i686.whl", hash = "sha256:e5d524d68a474a9688336045bbf76cb0def88549c1b2ad9dbfec1fb7cfbe9170", size = 585774, upload-time = "2025-07-01T15:55:51.192Z" },
    { url = "https://files.pythonhosted.org/packages/52/d9/3f0f105420fecd18551b678c9a6ce60bd23986098b252a56d35781b3e7e9/rpds_py-0.26.0-cp314-cp314t-musllinux_1_2_x86_64.whl", hash = "sha256:c1851f429b822831bd2edcbe0cfd12ee9ea77868f8d3daf267b189371671c80e", size = 554886, upload-time = "2025-07-01T15:55:52.541Z" },
    { url = "https://files.pythonhosted.org/packages/6b/c5/347c056a90dc8dd9bc240a08c527315008e1b5042e7a4cf4ac027be9d38a/rpds_py-0.26.0-cp314-cp314t-win32.whl", hash = "sha256:7bdb17009696214c3b66bb3590c6d62e14ac5935e53e929bcdbc5a495987a84f", size = 219027, upload-time = "2025-07-01T15:55:53.874Z" },
    { url = "https://files.pythonhosted.org/packages/75/04/5302cea1aa26d886d34cadbf2dc77d90d7737e576c0065f357b96dc7a1a6/rpds_py-0.26.0-cp314-cp314t-win_amd64.whl", hash = "sha256:f14440b9573a6f76b4ee4770c13f0b5921f71dde3b6fcb8dabbefd13b7fe05d7", size = 232821, upload-time = "2025-07-01T15:55:55.167Z" },
]

[[package]]
name = "ruamel-yaml"
version = "0.18.14"
source = { registry = "https://pypi.org/simple" }
sdist = { url = "https://files.pythonhosted.org/packages/39/87/6da0df742a4684263261c253f00edd5829e6aca970fff69e75028cccc547/ruamel.yaml-0.18.14.tar.gz", hash = "sha256:7227b76aaec364df15936730efbf7d72b30c0b79b1d578bbb8e3dcb2d81f52b7", size = 145511, upload-time = "2025-06-09T08:51:09.828Z" }
wheels = [
    { url = "https://files.pythonhosted.org/packages/af/6d/6fe4805235e193aad4aaf979160dd1f3c487c57d48b810c816e6e842171b/ruamel.yaml-0.18.14-py3-none-any.whl", hash = "sha256:710ff198bb53da66718c7db27eec4fbcc9aa6ca7204e4c1df2f282b6fe5eb6b2", size = 118570, upload-time = "2025-06-09T08:51:06.348Z" },
]

[[package]]
name = "ruff"
version = "0.14.14"
source = { registry = "https://pypi.org/simple" }
sdist = { url = "https://files.pythonhosted.org/packages/2e/06/f71e3a86b2df0dfa2d2f72195941cd09b44f87711cb7fa5193732cb9a5fc/ruff-0.14.14.tar.gz", hash = "sha256:2d0f819c9a90205f3a867dbbd0be083bee9912e170fd7d9704cc8ae45824896b", size = 4515732, upload-time = "2026-01-22T22:30:17.527Z" }
wheels = [
    { url = "https://files.pythonhosted.org/packages/d2/89/20a12e97bc6b9f9f68343952da08a8099c57237aef953a56b82711d55edd/ruff-0.14.14-py3-none-linux_armv6l.whl", hash = "sha256:7cfe36b56e8489dee8fbc777c61959f60ec0f1f11817e8f2415f429552846aed", size = 10467650, upload-time = "2026-01-22T22:30:08.578Z" },
    { url = "https://files.pythonhosted.org/packages/a3/b1/c5de3fd2d5a831fcae21beda5e3589c0ba67eec8202e992388e4b17a6040/ruff-0.14.14-py3-none-macosx_10_12_x86_64.whl", hash = "sha256:6006a0082336e7920b9573ef8a7f52eec837add1265cc74e04ea8a4368cd704c", size = 10883245, upload-time = "2026-01-22T22:30:04.155Z" },
    { url = "https://files.pythonhosted.org/packages/b8/7c/3c1db59a10e7490f8f6f8559d1db8636cbb13dccebf18686f4e3c9d7c772/ruff-0.14.14-py3-none-macosx_11_0_arm64.whl", hash = "sha256:026c1d25996818f0bf498636686199d9bd0d9d6341c9c2c3b62e2a0198b758de", size = 10231273, upload-time = "2026-01-22T22:30:34.642Z" },
    { url = "https://files.pythonhosted.org/packages/a1/6e/5e0e0d9674be0f8581d1f5e0f0a04761203affce3232c1a1189d0e3b4dad/ruff-0.14.14-py3-none-manylinux_2_17_aarch64.manylinux2014_aarch64.whl", hash = "sha256:f666445819d31210b71e0a6d1c01e24447a20b85458eea25a25fe8142210ae0e", size = 10585753, upload-time = "2026-01-22T22:30:31.781Z" },
    { url = "https://files.pythonhosted.org/packages/23/09/754ab09f46ff1884d422dc26d59ba18b4e5d355be147721bb2518aa2a014/ruff-0.14.14-py3-none-manylinux_2_17_armv7l.manylinux2014_armv7l.whl", hash = "sha256:3c0f18b922c6d2ff9a5e6c3ee16259adc513ca775bcf82c67ebab7cbd9da5bc8", size = 10286052, upload-time = "2026-01-22T22:30:24.827Z" },
    { url = "https://files.pythonhosted.org/packages/c8/cc/e71f88dd2a12afb5f50733851729d6b571a7c3a35bfdb16c3035132675a0/ruff-0.14.14-py3-none-manylinux_2_17_i686.manylinux2014_i686.whl", hash = "sha256:1629e67489c2dea43e8658c3dba659edbfd87361624b4040d1df04c9740ae906", size = 11043637, upload-time = "2026-01-22T22:30:13.239Z" },
    { url = "https://files.pythonhosted.org/packages/67/b2/397245026352494497dac935d7f00f1468c03a23a0c5db6ad8fc49ca3fb2/ruff-0.14.14-py3-none-manylinux_2_17_ppc64.manylinux2014_ppc64.whl", hash = "sha256:27493a2131ea0f899057d49d303e4292b2cae2bb57253c1ed1f256fbcd1da480", size = 12194761, upload-time = "2026-01-22T22:30:22.542Z" },
    { url = "https://files.pythonhosted.org/packages/5b/06/06ef271459f778323112c51b7587ce85230785cd64e91772034ddb88f200/ruff-0.14.14-py3-none-manylinux_2_17_ppc64le.manylinux2014_ppc64le.whl", hash = "sha256:01ff589aab3f5b539e35db38425da31a57521efd1e4ad1ae08fc34dbe30bd7df", size = 12005701, upload-time = "2026-01-22T22:30:20.499Z" },
    { url = "https://files.pythonhosted.org/packages/41/d6/99364514541cf811ccc5ac44362f88df66373e9fec1b9d1c4cc830593fe7/ruff-0.14.14-py3-none-manylinux_2_17_s390x.manylinux2014_s390x.whl", hash = "sha256:1cc12d74eef0f29f51775f5b755913eb523546b88e2d733e1d701fe65144e89b", size = 11282455, upload-time = "2026-01-22T22:29:59.679Z" },
    { url = "https://files.pythonhosted.org/packages/ca/71/37daa46f89475f8582b7762ecd2722492df26421714a33e72ccc9a84d7a5/ruff-0.14.14-py3-none-manylinux_2_17_x86_64.manylinux2014_x86_64.whl", hash = "sha256:bb8481604b7a9e75eff53772496201690ce2687067e038b3cc31aaf16aa0b974", size = 11215882, upload-time = "2026-01-22T22:29:57.032Z" },
    { url = "https://files.pythonhosted.org/packages/2c/10/a31f86169ec91c0705e618443ee74ede0bdd94da0a57b28e72db68b2dbac/ruff-0.14.14-py3-none-manylinux_2_31_riscv64.whl", hash = "sha256:14649acb1cf7b5d2d283ebd2f58d56b75836ed8c6f329664fa91cdea19e76e66", size = 11180549, upload-time = "2026-01-22T22:30:27.175Z" },
    { url = "https://files.pythonhosted.org/packages/fd/1e/c723f20536b5163adf79bdd10c5f093414293cdf567eed9bdb7b83940f3f/ruff-0.14.14-py3-none-musllinux_1_2_aarch64.whl", hash = "sha256:e8058d2145566510790eab4e2fad186002e288dec5e0d343a92fe7b0bc1b3e13", size = 10543416, upload-time = "2026-01-22T22:30:01.964Z" },
    { url = "https://files.pythonhosted.org/packages/3e/34/8a84cea7e42c2d94ba5bde1d7a4fae164d6318f13f933d92da6d7c2041ff/ruff-0.14.14-py3-none-musllinux_1_2_armv7l.whl", hash = "sha256:e651e977a79e4c758eb807f0481d673a67ffe53cfa92209781dfa3a996cf8412", size = 10285491, upload-time = "2026-01-22T22:30:29.51Z" },
    { url = "https://files.pythonhosted.org/packages/55/ef/b7c5ea0be82518906c978e365e56a77f8de7678c8bb6651ccfbdc178c29f/ruff-0.14.14-py3-none-musllinux_1_2_i686.whl", hash = "sha256:cc8b22da8d9d6fdd844a68ae937e2a0adf9b16514e9a97cc60355e2d4b219fc3", size = 10733525, upload-time = "2026-01-22T22:30:06.499Z" },
    { url = "https://files.pythonhosted.org/packages/6a/5b/aaf1dfbcc53a2811f6cc0a1759de24e4b03e02ba8762daabd9b6bd8c59e3/ruff-0.14.14-py3-none-musllinux_1_2_x86_64.whl", hash = "sha256:16bc890fb4cc9781bb05beb5ab4cd51be9e7cb376bf1dd3580512b24eb3fda2b", size = 11315626, upload-time = "2026-01-22T22:30:36.848Z" },
    { url = "https://files.pythonhosted.org/packages/2c/aa/9f89c719c467dfaf8ad799b9bae0df494513fb21d31a6059cb5870e57e74/ruff-0.14.14-py3-none-win32.whl", hash = "sha256:b530c191970b143375b6a68e6f743800b2b786bbcf03a7965b06c4bf04568167", size = 10502442, upload-time = "2026-01-22T22:30:38.93Z" },
    { url = "https://files.pythonhosted.org/packages/87/44/90fa543014c45560cae1fffc63ea059fb3575ee6e1cb654562197e5d16fb/ruff-0.14.14-py3-none-win_amd64.whl", hash = "sha256:3dde1435e6b6fe5b66506c1dff67a421d0b7f6488d466f651c07f4cab3bf20fd", size = 11630486, upload-time = "2026-01-22T22:30:10.852Z" },
    { url = "https://files.pythonhosted.org/packages/9e/6a/40fee331a52339926a92e17ae748827270b288a35ef4a15c9c8f2ec54715/ruff-0.14.14-py3-none-win_arm64.whl", hash = "sha256:56e6981a98b13a32236a72a8da421d7839221fa308b223b9283312312e5ac76c", size = 10920448, upload-time = "2026-01-22T22:30:15.417Z" },
]

[[package]]
name = "tests"
source = { virtual = "." }
dependencies = [
    { name = "check-jsonschema" },
    { name = "playwright" },
    { name = "pytest" },
    { name = "pytest-playwright" },
    { name = "pytest-rerunfailures" },
    { name = "ruff" },
    { name = "ty" },
    { name = "vulture" },
]

[package.metadata]
requires-dist = [
    { name = "check-jsonschema", specifier = "==0.36.1" },
    { name = "playwright", specifier = "==1.58.0" },
    { name = "pytest", specifier = "==9.0.2" },
    { name = "pytest-playwright", specifier = "==0.7.2" },
    { name = "pytest-rerunfailures", specifier = "==16.1" },
    { name = "ruff", specifier = "==0.14.14" },
    { name = "ty", specifier = "==0.0.14" },
    { name = "vulture", specifier = "==2.14" },
]

[[package]]
name = "text-unidecode"
version = "1.3"
source = { registry = "https://pypi.org/simple" }
sdist = { url = "https://files.pythonhosted.org/packages/ab/e2/e9a00f0ccb71718418230718b3d900e71a5d16e701a3dae079a21e9cd8f8/text-unidecode-1.3.tar.gz", hash = "sha256:bad6603bb14d279193107714b288be206cac565dfa49aa5b105294dd5c4aab93", size = 76885, upload-time = "2019-08-30T21:36:45.405Z" }
wheels = [
    { url = "https://files.pythonhosted.org/packages/a6/a5/c0b6468d3824fe3fde30dbb5e1f687b291608f9473681bbf7dabbf5a87d7/text_unidecode-1.3-py2.py3-none-any.whl", hash = "sha256:1311f10e8b895935241623731c2ba64f4c455287888b18189350b67134a822e8", size = 78154, upload-time = "2019-08-30T21:37:03.543Z" },
]

[[package]]
name = "ty"
version = "0.0.14"
source = { registry = "https://pypi.org/simple" }
sdist = { url = "https://files.pythonhosted.org/packages/af/57/22c3d6bf95c2229120c49ffc2f0da8d9e8823755a1c3194da56e51f1cc31/ty-0.0.14.tar.gz", hash = "sha256:a691010565f59dd7f15cf324cdcd1d9065e010c77a04f887e1ea070ba34a7de2", size = 5036573, upload-time = "2026-01-27T00:57:31.427Z" }
wheels = [
    { url = "https://files.pythonhosted.org/packages/99/cb/cc6d1d8de59beb17a41f9a614585f884ec2d95450306c173b3b7cc090d2e/ty-0.0.14-py3-none-linux_armv6l.whl", hash = "sha256:32cf2a7596e693094621d3ae568d7ee16707dce28c34d1762947874060fdddaa", size = 10034228, upload-time = "2026-01-27T00:57:53.133Z" },
    { url = "https://files.pythonhosted.org/packages/f3/96/dd42816a2075a8f31542296ae687483a8d047f86a6538dfba573223eaf9a/ty-0.0.14-py3-none-macosx_10_12_x86_64.whl", hash = "sha256:f971bf9805f49ce8c0968ad53e29624d80b970b9eb597b7cbaba25d8a18ce9a2", size = 9939162, upload-time = "2026-01-27T00:57:43.857Z" },
    { url = "https://files.pythonhosted.org/packages/ff/b4/73c4859004e0f0a9eead9ecb67021438b2e8e5fdd8d03e7f5aca77623992/ty-0.0.14-py3-none-macosx_11_0_arm64.whl", hash = "sha256:45448b9e4806423523268bc15e9208c4f3f2ead7c344f615549d2e2354d6e924", size = 9418661, upload-time = "2026-01-27T00:58:03.411Z" },
    { url = "https://files.pythonhosted.org/packages/58/35/839c4551b94613db4afa20ee555dd4f33bfa7352d5da74c5fa416ffa0fd2/ty-0.0.14-py3-none-manylinux_2_17_aarch64.manylinux2014_aarch64.whl", hash = "sha256:ee94a9b747ff40114085206bdb3205a631ef19a4d3fb89e302a88754cbbae54c", size = 9837872, upload-time = "2026-01-27T00:57:23.718Z" },
    { url = "https://files.pythonhosted.org/packages/41/2b/bbecf7e2faa20c04bebd35fc478668953ca50ee5847ce23e08acf20ea119/ty-0.0.14-py3-none-manylinux_2_17_armv7l.manylinux2014_armv7l.whl", hash = "sha256:6756715a3c33182e9ab8ffca2bb314d3c99b9c410b171736e145773ee0ae41c3", size = 9848819, upload-time = "2026-01-27T00:57:58.501Z" },
    { url = "https://files.pythonhosted.org/packages/be/60/3c0ba0f19c0f647ad9d2b5b5ac68c0f0b4dc899001bd53b3a7537fb247a2/ty-0.0.14-py3-none-manylinux_2_17_i686.manylinux2014_i686.whl", hash = "sha256:89d0038a2f698ba8b6fec5cf216a4e44e2f95e4a5095a8c0f57fe549f87087c2", size = 10324371, upload-time = "2026-01-27T00:57:29.291Z" },
    { url = "https://files.pythonhosted.org/packages/24/32/99d0a0b37d0397b0a989ffc2682493286aa3bc252b24004a6714368c2c3d/ty-0.0.14-py3-none-manylinux_2_17_ppc64le.manylinux2014_ppc64le.whl", hash = "sha256:2c64a83a2d669b77f50a4957039ca1450626fb474619f18f6f8a3eb885bf7544", size = 10865898, upload-time = "2026-01-27T00:57:33.542Z" },
    { url = "https://files.pythonhosted.org/packages/1a/88/30b583a9e0311bb474269cfa91db53350557ebec09002bfc3fb3fc364e8c/ty-0.0.14-py3-none-manylinux_2_17_s390x.manylinux2014_s390x.whl", hash = "sha256:242488bfb547ef080199f6fd81369ab9cb638a778bb161511d091ffd49c12129", size = 10555777, upload-time = "2026-01-27T00:58:05.853Z" },
    { url = "https://files.pythonhosted.org/packages/cd/a2/cb53fb6325dcf3d40f2b1d0457a25d55bfbae633c8e337bde8ec01a190eb/ty-0.0.14-py3-none-manylinux_2_17_x86_64.manylinux2014_x86_64.whl", hash = "sha256:4790c3866f6c83a4f424fc7d09ebdb225c1f1131647ba8bdc6fcdc28f09ed0ff", size = 10412913, upload-time = "2026-01-27T00:57:38.834Z" },
    { url = "https://files.pythonhosted.org/packages/42/8f/f2f5202d725ed1e6a4e5ffaa32b190a1fe70c0b1a2503d38515da4130b4c/ty-0.0.14-py3-none-musllinux_1_2_aarch64.whl", hash = "sha256:950f320437f96d4ea9a2332bbfb5b68f1c1acd269ebfa4c09b6970cc1565bd9d", size = 9837608, upload-time = "2026-01-27T00:57:55.898Z" },
    { url = "https://files.pythonhosted.org/packages/f7/ba/59a2a0521640c489dafa2c546ae1f8465f92956fede18660653cce73b4c5/ty-0.0.14-py3-none-musllinux_1_2_armv7l.whl", hash = "sha256:4a0ec3ee70d83887f86925bbc1c56f4628bd58a0f47f6f32ddfe04e1f05466df", size = 9884324, upload-time = "2026-01-27T00:57:46.786Z" },
    { url = "https://files.pythonhosted.org/packages/03/95/8d2a49880f47b638743212f011088552ecc454dd7a665ddcbdabea25772a/ty-0.0.14-py3-none-musllinux_1_2_i686.whl", hash = "sha256:a1a4e6b6da0c58b34415955279eff754d6206b35af56a18bb70eb519d8d139ef", size = 10033537, upload-time = "2026-01-27T00:58:01.149Z" },
    { url = "https://files.pythonhosted.org/packages/e9/40/4523b36f2ce69f92ccf783855a9e0ebbbd0f0bb5cdce6211ee1737159ed3/ty-0.0.14-py3-none-musllinux_1_2_x86_64.whl", hash = "sha256:dc04384e874c5de4c5d743369c277c8aa73d1edea3c7fc646b2064b637db4db3", size = 10495910, upload-time = "2026-01-27T00:57:26.691Z" },
    { url = "https://files.pythonhosted.org/packages/08/d5/655beb51224d1bfd4f9ddc0bb209659bfe71ff141bcf05c418ab670698f0/ty-0.0.14-py3-none-win32.whl", hash = "sha256:b20e22cf54c66b3e37e87377635da412d9a552c9bf4ad9fc449fed8b2e19dad2", size = 9507626, upload-time = "2026-01-27T00:57:41.43Z" },
    { url = "https://files.pythonhosted.org/packages/b6/d9/c569c9961760e20e0a4bc008eeb1415754564304fd53997a371b7cf3f864/ty-0.0.14-py3-none-win_amd64.whl", hash = "sha256:e312ff9475522d1a33186657fe74d1ec98e4a13e016d66f5758a452c90ff6409", size = 10437980, upload-time = "2026-01-27T00:57:36.422Z" },
    { url = "https://files.pythonhosted.org/packages/ad/0c/186829654f5bfd9a028f6648e9caeb11271960a61de97484627d24443f91/ty-0.0.14-py3-none-win_arm64.whl", hash = "sha256:b6facdbe9b740cb2c15293a1d178e22ffc600653646452632541d01c36d5e378", size = 9885831, upload-time = "2026-01-27T00:57:49.747Z" },
]

[[package]]
name = "typing-extensions"
version = "4.14.0"
source = { registry = "https://pypi.org/simple" }
sdist = { url = "https://files.pythonhosted.org/packages/d1/bc/51647cd02527e87d05cb083ccc402f93e441606ff1f01739a62c8ad09ba5/typing_extensions-4.14.0.tar.gz", hash = "sha256:8676b788e32f02ab42d9e7c61324048ae4c6d844a399eebace3d4979d75ceef4", size = 107423, upload-time = "2025-06-02T14:52:11.399Z" }
wheels = [
    { url = "https://files.pythonhosted.org/packages/69/e0/552843e0d356fbb5256d21449fa957fa4eff3bbc135a74a691ee70c7c5da/typing_extensions-4.14.0-py3-none-any.whl", hash = "sha256:a1514509136dd0b477638fc68d6a91497af5076466ad0fa6c338e44e359944af", size = 43839, upload-time = "2025-06-02T14:52:10.026Z" },
]

[[package]]
name = "urllib3"
version = "2.6.3"
source = { registry = "https://pypi.org/simple" }
sdist = { url = "https://files.pythonhosted.org/packages/c7/24/5f1b3bdffd70275f6661c76461e25f024d5a38a46f04aaca912426a2b1d3/urllib3-2.6.3.tar.gz", hash = "sha256:1b62b6884944a57dbe321509ab94fd4d3b307075e0c2eae991ac71ee15ad38ed", size = 435556, upload-time = "2026-01-07T16:24:43.925Z" }
wheels = [
    { url = "https://files.pythonhosted.org/packages/39/08/aaaad47bc4e9dc8c725e68f9d04865dbcb2052843ff09c97b08904852d84/urllib3-2.6.3-py3-none-any.whl", hash = "sha256:bf272323e553dfb2e87d9bfd225ca7b0f467b919d7bbd355436d3fd37cb0acd4", size = 131584, upload-time = "2026-01-07T16:24:42.685Z" },
]

[[package]]
name = "vulture"
version = "2.14"
source = { registry = "https://pypi.org/simple" }
sdist = { url = "https://files.pythonhosted.org/packages/8e/25/925f35db758a0f9199113aaf61d703de891676b082bd7cf73ea01d6000f7/vulture-2.14.tar.gz", hash = "sha256:cb8277902a1138deeab796ec5bef7076a6e0248ca3607a3f3dee0b6d9e9b8415", size = 58823, upload-time = "2024-12-08T17:39:43.319Z" }
wheels = [
    { url = "https://files.pythonhosted.org/packages/a0/56/0cc15b8ff2613c1d5c3dc1f3f576ede1c43868c1bc2e5ccaa2d4bcd7974d/vulture-2.14-py2.py3-none-any.whl", hash = "sha256:d9a90dba89607489548a49d557f8bac8112bd25d3cbc8aeef23e860811bd5ed9", size = 28915, upload-time = "2024-12-08T17:39:40.573Z" },
]
